
Microsoft Visual Studio Solution File, Format Version 12.00
# Visual Studio Version 16
VisualStudioVersion = 16.0.808.0
MinimumVisualStudioVersion = 10.0.40219.1
Project("{2150E333-8FDC-42A3-9474-1A3956D46DE8}") = "Solution Items", "Solution Items", "{ED4115FC-46D6-444A-A246-1F5312A891DC}"
	ProjectSection(SolutionItems) = preProject
		README.md = README.md
		LICENSE = LICENSE
		azure-pipeline-develop.yml = azure-pipeline-develop.yml
		azure-pipelines-master.yml = azure-pipelines-master.yml
	EndProjectSection
EndProject
Project("{FAE04EC0-301F-11D3-BF4B-00C04F79EFBC}") = "ZenMvvm.Core", "src\ZenMvvm.Core\ZenMvvm.Core.csproj", "{18FBA6A7-3C3E-4135-B76B-B9BF5818AE67}"
EndProject
Project("{FAE04EC0-301F-11D3-BF4B-00C04F79EFBC}") = "ZenMvvm.Core.TestAssembly", "src\ZenMvvm.Core.TestAssembly\ZenMvvm.Core.TestAssembly.csproj", "{487A5002-1A54-4EEB-A851-3B819F981CA1}"
EndProject
Project("{FAE04EC0-301F-11D3-BF4B-00C04F79EFBC}") = "ZenMvvm.Core.Tests", "src\ZenMvvm.Core.Tests\ZenMvvm.Core.Tests.csproj", "{3BCBB473-4EAE-45E6-9977-6C0925246B20}"
EndProject
Global
	GlobalSection(SolutionConfigurationPlatforms) = preSolution
		Debug|Any CPU = Debug|Any CPU
		Release|Any CPU = Release|Any CPU
	EndGlobalSection
	GlobalSection(ProjectConfigurationPlatforms) = postSolution
		{18FBA6A7-3C3E-4135-B76B-B9BF5818AE67}.Debug|Any CPU.ActiveCfg = Debug|Any CPU
		{18FBA6A7-3C3E-4135-B76B-B9BF5818AE67}.Debug|Any CPU.Build.0 = Debug|Any CPU
		{18FBA6A7-3C3E-4135-B76B-B9BF5818AE67}.Release|Any CPU.ActiveCfg = Release|Any CPU
		{18FBA6A7-3C3E-4135-B76B-B9BF5818AE67}.Release|Any CPU.Build.0 = Release|Any CPU
		{487A5002-1A54-4EEB-A851-3B819F981CA1}.Debug|Any CPU.ActiveCfg = Debug|Any CPU
		{487A5002-1A54-4EEB-A851-3B819F981CA1}.Debug|Any CPU.Build.0 = Debug|Any CPU
		{487A5002-1A54-4EEB-A851-3B819F981CA1}.Release|Any CPU.ActiveCfg = Release|Any CPU
		{487A5002-1A54-4EEB-A851-3B819F981CA1}.Release|Any CPU.Build.0 = Release|Any CPU
		{3BCBB473-4EAE-45E6-9977-6C0925246B20}.Debug|Any CPU.ActiveCfg = Debug|Any CPU
		{3BCBB473-4EAE-45E6-9977-6C0925246B20}.Debug|Any CPU.Build.0 = Debug|Any CPU
		{3BCBB473-4EAE-45E6-9977-6C0925246B20}.Release|Any CPU.ActiveCfg = Release|Any CPU
		{3BCBB473-4EAE-45E6-9977-6C0925246B20}.Release|Any CPU.Build.0 = Release|Any CPU
	EndGlobalSection
	GlobalSection(SolutionProperties) = preSolution
		HideSolutionNode = FALSE
	EndGlobalSection
	GlobalSection(ExtensibilityGlobals) = postSolution
		SolutionGuid = {BE7581C1-555B-4A47-A3D6-2D4E923B0AAA}
	EndGlobalSection
EndGlobal
