
Microsoft Visual Studio Solution File, Format Version 12.00
# Visual Studio Version 16
VisualStudioVersion = 16.0.808.0
MinimumVisualStudioVersion = 10.0.40219.1
Project("{2150E333-8FDC-42A3-9474-1A3956D46DE8}") = "Solution Items", "Solution Items", "{ED4115FC-46D6-444A-A246-1F5312A891DC}"
	ProjectSection(SolutionItems) = preProject
		README.md = README.md
		LICENSE = LICENSE
		azure-pipeline-develop.yml = azure-pipeline-develop.yml
		azure-pipelines-master.yml = azure-pipelines-master.yml
	EndProjectSection
EndProject
Project("{FAE04EC0-301F-11D3-BF4B-00C04F79EFBC}") = "ZenMvvm.Zen", "src\Mvvm\Flavours\Zen\ZenMvvm.Zen.csproj", "{97DE90E6-A33F-42BE-A6FA-2CAB460B7BC2}"
EndProject
Project("{2150E333-8FDC-42A3-9474-1A3956D46DE8}") = "Mvvm", "Mvvm", "{29C42523-8E60-490B-B9E0-550858F5EF88}"
EndProject
Project("{2150E333-8FDC-42A3-9474-1A3956D46DE8}") = "Flavours", "Flavours", "{342251EF-E9DF-4F4B-91F5-0EFAC519028B}"
EndProject
Project("{2150E333-8FDC-42A3-9474-1A3956D46DE8}") = "Helpers", "Helpers", "{140F5C1C-40C9-4FE4-96B3-9A63EEB3A69A}"
EndProject
Project("{FAE04EC0-301F-11D3-BF4B-00C04F79EFBC}") = "ZenMvvm.DryIoc", "src\Mvvm\Flavours\DryIoc\ZenMvvm.DryIoc.csproj", "{2DC88AEA-A90A-447A-83F5-938F114348C8}"
EndProject
Project("{9344BDBB-3E7F-41FC-A0DD-8665D75EE146}") = "ZenMvvm.Autofac", "src\Mvvm\Flavours\Autofac\ZenMvvm.Autofac.csproj", "{FF1E7FE5-EE4A-43E1-879C-ECCF1A50145F}"
EndProject
Project("{FAE04EC0-301F-11D3-BF4B-00C04F79EFBC}") = "ZenMvvm", "src\Mvvm\Core\ZenMvvm\ZenMvvm.csproj", "{18FBA6A7-3C3E-4135-B76B-B9BF5818AE67}"
EndProject
Project("{FAE04EC0-301F-11D3-BF4B-00C04F79EFBC}") = "ZenMvvm.TestAssembly", "src\Mvvm\Core\ZenMvvm.TestAssembly\ZenMvvm.TestAssembly.csproj", "{487A5002-1A54-4EEB-A851-3B819F981CA1}"
EndProject
Project("{FAE04EC0-301F-11D3-BF4B-00C04F79EFBC}") = "ZenMvvm.Tests", "src\Mvvm\Core\ZenMvvm.Tests\ZenMvvm.Tests.csproj", "{3BCBB473-4EAE-45E6-9977-6C0925246B20}"
EndProject
Global
	GlobalSection(SolutionConfigurationPlatforms) = preSolution
		Debug|Any CPU = Debug|Any CPU
		Release|Any CPU = Release|Any CPU
	EndGlobalSection
	GlobalSection(ProjectConfigurationPlatforms) = postSolution
		{97DE90E6-A33F-42BE-A6FA-2CAB460B7BC2}.Debug|Any CPU.ActiveCfg = Debug|Any CPU
		{97DE90E6-A33F-42BE-A6FA-2CAB460B7BC2}.Debug|Any CPU.Build.0 = Debug|Any CPU
		{97DE90E6-A33F-42BE-A6FA-2CAB460B7BC2}.Release|Any CPU.ActiveCfg = Release|Any CPU
		{97DE90E6-A33F-42BE-A6FA-2CAB460B7BC2}.Release|Any CPU.Build.0 = Release|Any CPU
		{2DC88AEA-A90A-447A-83F5-938F114348C8}.Debug|Any CPU.ActiveCfg = Debug|Any CPU
		{2DC88AEA-A90A-447A-83F5-938F114348C8}.Debug|Any CPU.Build.0 = Debug|Any CPU
		{2DC88AEA-A90A-447A-83F5-938F114348C8}.Release|Any CPU.ActiveCfg = Release|Any CPU
		{2DC88AEA-A90A-447A-83F5-938F114348C8}.Release|Any CPU.Build.0 = Release|Any CPU
		{FF1E7FE5-EE4A-43E1-879C-ECCF1A50145F}.Debug|Any CPU.ActiveCfg = Debug|Any CPU
		{FF1E7FE5-EE4A-43E1-879C-ECCF1A50145F}.Debug|Any CPU.Build.0 = Debug|Any CPU
		{FF1E7FE5-EE4A-43E1-879C-ECCF1A50145F}.Release|Any CPU.ActiveCfg = Release|Any CPU
		{FF1E7FE5-EE4A-43E1-879C-ECCF1A50145F}.Release|Any CPU.Build.0 = Release|Any CPU
		{18FBA6A7-3C3E-4135-B76B-B9BF5818AE67}.Debug|Any CPU.ActiveCfg = Debug|Any CPU
		{18FBA6A7-3C3E-4135-B76B-B9BF5818AE67}.Debug|Any CPU.Build.0 = Debug|Any CPU
		{18FBA6A7-3C3E-4135-B76B-B9BF5818AE67}.Release|Any CPU.ActiveCfg = Release|Any CPU
		{18FBA6A7-3C3E-4135-B76B-B9BF5818AE67}.Release|Any CPU.Build.0 = Release|Any CPU
		{487A5002-1A54-4EEB-A851-3B819F981CA1}.Debug|Any CPU.ActiveCfg = Debug|Any CPU
		{487A5002-1A54-4EEB-A851-3B819F981CA1}.Debug|Any CPU.Build.0 = Debug|Any CPU
		{487A5002-1A54-4EEB-A851-3B819F981CA1}.Release|Any CPU.ActiveCfg = Release|Any CPU
		{487A5002-1A54-4EEB-A851-3B819F981CA1}.Release|Any CPU.Build.0 = Release|Any CPU
		{3BCBB473-4EAE-45E6-9977-6C0925246B20}.Debug|Any CPU.ActiveCfg = Debug|Any CPU
		{3BCBB473-4EAE-45E6-9977-6C0925246B20}.Debug|Any CPU.Build.0 = Debug|Any CPU
		{3BCBB473-4EAE-45E6-9977-6C0925246B20}.Release|Any CPU.ActiveCfg = Release|Any CPU
		{3BCBB473-4EAE-45E6-9977-6C0925246B20}.Release|Any CPU.Build.0 = Release|Any CPU
	EndGlobalSection
	GlobalSection(SolutionProperties) = preSolution
		HideSolutionNode = FALSE
	EndGlobalSection
	GlobalSection(ExtensibilityGlobals) = postSolution
		SolutionGuid = {BE7581C1-555B-4A47-A3D6-2D4E923B0AAA}
	EndGlobalSection
	GlobalSection(NestedProjects) = preSolution
		{342251EF-E9DF-4F4B-91F5-0EFAC519028B} = {29C42523-8E60-490B-B9E0-550858F5EF88}
		{97DE90E6-A33F-42BE-A6FA-2CAB460B7BC2} = {342251EF-E9DF-4F4B-91F5-0EFAC519028B}
		{2DC88AEA-A90A-447A-83F5-938F114348C8} = {342251EF-E9DF-4F4B-91F5-0EFAC519028B}
		{18FBA6A7-3C3E-4135-B76B-B9BF5818AE67} = {29C42523-8E60-490B-B9E0-550858F5EF88}
		{487A5002-1A54-4EEB-A851-3B819F981CA1} = {29C42523-8E60-490B-B9E0-550858F5EF88}
		{3BCBB473-4EAE-45E6-9977-6C0925246B20} = {29C42523-8E60-490B-B9E0-550858F5EF88}
		{FF1E7FE5-EE4A-43E1-879C-ECCF1A50145F} = {342251EF-E9DF-4F4B-91F5-0EFAC519028B}
	EndGlobalSection
EndGlobal
